
Microsoft Visual Studio Solution File, Format Version 12.00
# Visual Studio Version 17
VisualStudioVersion = 17.7.34024.191
MinimumVisualStudioVersion = 10.0.40219.1
Project("{FAE04EC0-301F-11D3-BF4B-00C04F79EFBC}") = "Blog.web", "Blog.web\Blog.web.csproj", "{FB8312B2-4001-44C0-BCB4-78E1FC3DC8B1}"
EndProject
Project("{FAE04EC0-301F-11D3-BF4B-00C04F79EFBC}") = "Blog.Entity", "Blog.Entity\Blog.Entity.csproj", "{B0FF992B-CD3D-4EB8-8753-E78AE1CB9D59}"
EndProject
Global
	GlobalSection(SolutionConfigurationPlatforms) = preSolution
		Debug|Any CPU = Debug|Any CPU
		Release|Any CPU = Release|Any CPU
	EndGlobalSection
	GlobalSection(ProjectConfigurationPlatforms) = postSolution
		{FB8312B2-4001-44C0-BCB4-78E1FC3DC8B1}.Debug|Any CPU.ActiveCfg = Debug|Any CPU
		{FB8312B2-4001-44C0-BCB4-78E1FC3DC8B1}.Debug|Any CPU.Build.0 = Debug|Any CPU
		{FB8312B2-4001-44C0-BCB4-78E1FC3DC8B1}.Release|Any CPU.ActiveCfg = Release|Any CPU
		{FB8312B2-4001-44C0-BCB4-78E1FC3DC8B1}.Release|Any CPU.Build.0 = Release|Any CPU
		{B0FF992B-CD3D-4EB8-8753-E78AE1CB9D59}.Debug|Any CPU.ActiveCfg = Debug|Any CPU
		{B0FF992B-CD3D-4EB8-8753-E78AE1CB9D59}.Debug|Any CPU.Build.0 = Debug|Any CPU
		{B0FF992B-CD3D-4EB8-8753-E78AE1CB9D59}.Release|Any CPU.ActiveCfg = Release|Any CPU
		{B0FF992B-CD3D-4EB8-8753-E78AE1CB9D59}.Release|Any CPU.Build.0 = Release|Any CPU
	EndGlobalSection
	GlobalSection(SolutionProperties) = preSolution
		HideSolutionNode = FALSE
	EndGlobalSection
	GlobalSection(ExtensibilityGlobals) = postSolution
		SolutionGuid = {6BF71BD9-BE47-4EAB-B190-765DA180B704}
	EndGlobalSection
EndGlobal
